
Microsoft Visual Studio Solution File, Format Version 12.00
# Visual Studio Version 16
VisualStudioVersion = 16.0.31729.503
MinimumVisualStudioVersion = 10.0.40219.1
Project("{FAE04EC0-301F-11D3-BF4B-00C04F79EFBC}") = "ChatTCPIP", "ChatTCPIP\ChatTCPIP.csproj", "{3684986A-F17D-4167-993D-78597379A230}"
EndProject
Project("{FAE04EC0-301F-11D3-BF4B-00C04F79EFBC}") = "Server", "Server\Server.csproj", "{C5F68D1C-D097-4CC3-B108-8C7961A4FAE9}"
EndProject
Global
	GlobalSection(SolutionConfigurationPlatforms) = preSolution
		Debug|Any CPU = Debug|Any CPU
		Release|Any CPU = Release|Any CPU
	EndGlobalSection
	GlobalSection(ProjectConfigurationPlatforms) = postSolution
		{3684986A-F17D-4167-993D-78597379A230}.Debug|Any CPU.ActiveCfg = Debug|Any CPU
		{3684986A-F17D-4167-993D-78597379A230}.Debug|Any CPU.Build.0 = Debug|Any CPU
		{3684986A-F17D-4167-993D-78597379A230}.Release|Any CPU.ActiveCfg = Release|Any CPU
		{3684986A-F17D-4167-993D-78597379A230}.Release|Any CPU.Build.0 = Release|Any CPU
		{C5F68D1C-D097-4CC3-B108-8C7961A4FAE9}.Debug|Any CPU.ActiveCfg = Debug|Any CPU
		{C5F68D1C-D097-4CC3-B108-8C7961A4FAE9}.Debug|Any CPU.Build.0 = Debug|Any CPU
		{C5F68D1C-D097-4CC3-B108-8C7961A4FAE9}.Release|Any CPU.ActiveCfg = Release|Any CPU
		{C5F68D1C-D097-4CC3-B108-8C7961A4FAE9}.Release|Any CPU.Build.0 = Release|Any CPU
	EndGlobalSection
	GlobalSection(SolutionProperties) = preSolution
		HideSolutionNode = FALSE
	EndGlobalSection
	GlobalSection(ExtensibilityGlobals) = postSolution
		SolutionGuid = {AC9A2059-6CA2-4C4F-9E4A-1E338343E7A2}
	EndGlobalSection
EndGlobal
